
Microsoft Visual Studio Solution File, Format Version 12.00
# Visual Studio Version 16
VisualStudioVersion = 16.0.31205.134
MinimumVisualStudioVersion = 10.0.40219.1
Project("{FAE04EC0-301F-11D3-BF4B-00C04F79EFBC}") = "PublishSubscribePatternSample", "PublishSubscribePatternSample.csproj", "{3AC5FFEE-0AEF-45A0-AD3B-C061B89B2362}"
EndProject
Global
	GlobalSection(SolutionConfigurationPlatforms) = preSolution
		Debug|Any CPU = Debug|Any CPU
		Release|Any CPU = Release|Any CPU
	EndGlobalSection
	GlobalSection(ProjectConfigurationPlatforms) = postSolution
		{3AC5FFEE-0AEF-45A0-AD3B-C061B89B2362}.Debug|Any CPU.ActiveCfg = Debug|Any CPU
		{3AC5FFEE-0AEF-45A0-AD3B-C061B89B2362}.Debug|Any CPU.Build.0 = Debug|Any CPU
		{3AC5FFEE-0AEF-45A0-AD3B-C061B89B2362}.Release|Any CPU.ActiveCfg = Release|Any CPU
		{3AC5FFEE-0AEF-45A0-AD3B-C061B89B2362}.Release|Any CPU.Build.0 = Release|Any CPU
	EndGlobalSection
	GlobalSection(SolutionProperties) = preSolution
		HideSolutionNode = FALSE
	EndGlobalSection
	GlobalSection(ExtensibilityGlobals) = postSolution
		SolutionGuid = {87C12611-8B81-4D9F-BCD9-70E39EE48272}
	EndGlobalSection
EndGlobal
