
Microsoft Visual Studio Solution File, Format Version 12.00
# Visual Studio Version 16
VisualStudioVersion = 16.0.31205.134
MinimumVisualStudioVersion = 10.0.40219.1
Project("{9A19103F-16F7-4668-BE54-9A1E7A4F7556}") = "PublishSubscribePatternSample", "PublishSubscribePatternSample.csproj", "{3AC5FFEE-0AEF-45A0-AD3B-C061B89B2362}"
EndProject
Project("{9A19103F-16F7-4668-BE54-9A1E7A4F7556}") = "GeneralTests", "..\GeneralTests\GeneralTests.csproj", "{FBD1F83E-3E6E-4FD3-9D18-C8D8664479EE}"
EndProject
Project("{FAE04EC0-301F-11D3-BF4B-00C04F79EFBC}") = "Publisher", "..\Publisher\Publisher.csproj", "{F80E37C9-4557-44D3-89A8-F66B5D66402F}"
EndProject
Project("{FAE04EC0-301F-11D3-BF4B-00C04F79EFBC}") = "Subscribers", "..\Subscribers\Subscribers.csproj", "{E4D5FEFC-90C2-4608-9B77-124B36A7ECA5}"
EndProject
Project("{FAE04EC0-301F-11D3-BF4B-00C04F79EFBC}") = "Events", "..\Events\Events.csproj", "{A499AA8D-F20E-4C97-BE8B-3074D469D769}"
EndProject
Project("{FAE04EC0-301F-11D3-BF4B-00C04F79EFBC}") = "FakeProccessor", "..\FakeProccessor\FakeProccessor.csproj", "{C15D96EB-EE62-447E-BCFC-6E2A87922F7B}"
EndProject
Project("{FAE04EC0-301F-11D3-BF4B-00C04F79EFBC}") = "FakeDataProvider", "..\FakeDataProvider\FakeDataProvider.csproj", "{3A1F7093-7218-402E-98D3-6A919FD1F9AA}"
EndProject
Global
	GlobalSection(SolutionConfigurationPlatforms) = preSolution
		Debug|Any CPU = Debug|Any CPU
		Release|Any CPU = Release|Any CPU
	EndGlobalSection
	GlobalSection(ProjectConfigurationPlatforms) = postSolution
		{3AC5FFEE-0AEF-45A0-AD3B-C061B89B2362}.Debug|Any CPU.ActiveCfg = Debug|Any CPU
		{3AC5FFEE-0AEF-45A0-AD3B-C061B89B2362}.Debug|Any CPU.Build.0 = Debug|Any CPU
		{3AC5FFEE-0AEF-45A0-AD3B-C061B89B2362}.Release|Any CPU.ActiveCfg = Release|Any CPU
		{3AC5FFEE-0AEF-45A0-AD3B-C061B89B2362}.Release|Any CPU.Build.0 = Release|Any CPU
		{FBD1F83E-3E6E-4FD3-9D18-C8D8664479EE}.Debug|Any CPU.ActiveCfg = Debug|Any CPU
		{FBD1F83E-3E6E-4FD3-9D18-C8D8664479EE}.Debug|Any CPU.Build.0 = Debug|Any CPU
		{FBD1F83E-3E6E-4FD3-9D18-C8D8664479EE}.Release|Any CPU.ActiveCfg = Release|Any CPU
		{FBD1F83E-3E6E-4FD3-9D18-C8D8664479EE}.Release|Any CPU.Build.0 = Release|Any CPU
		{F80E37C9-4557-44D3-89A8-F66B5D66402F}.Debug|Any CPU.ActiveCfg = Debug|Any CPU
		{F80E37C9-4557-44D3-89A8-F66B5D66402F}.Debug|Any CPU.Build.0 = Debug|Any CPU
		{F80E37C9-4557-44D3-89A8-F66B5D66402F}.Release|Any CPU.ActiveCfg = Release|Any CPU
		{F80E37C9-4557-44D3-89A8-F66B5D66402F}.Release|Any CPU.Build.0 = Release|Any CPU
		{E4D5FEFC-90C2-4608-9B77-124B36A7ECA5}.Debug|Any CPU.ActiveCfg = Debug|Any CPU
		{E4D5FEFC-90C2-4608-9B77-124B36A7ECA5}.Debug|Any CPU.Build.0 = Debug|Any CPU
		{E4D5FEFC-90C2-4608-9B77-124B36A7ECA5}.Release|Any CPU.ActiveCfg = Release|Any CPU
		{E4D5FEFC-90C2-4608-9B77-124B36A7ECA5}.Release|Any CPU.Build.0 = Release|Any CPU
		{A499AA8D-F20E-4C97-BE8B-3074D469D769}.Debug|Any CPU.ActiveCfg = Debug|Any CPU
		{A499AA8D-F20E-4C97-BE8B-3074D469D769}.Debug|Any CPU.Build.0 = Debug|Any CPU
		{A499AA8D-F20E-4C97-BE8B-3074D469D769}.Release|Any CPU.ActiveCfg = Release|Any CPU
		{A499AA8D-F20E-4C97-BE8B-3074D469D769}.Release|Any CPU.Build.0 = Release|Any CPU
		{C15D96EB-EE62-447E-BCFC-6E2A87922F7B}.Debug|Any CPU.ActiveCfg = Debug|Any CPU
		{C15D96EB-EE62-447E-BCFC-6E2A87922F7B}.Debug|Any CPU.Build.0 = Debug|Any CPU
		{C15D96EB-EE62-447E-BCFC-6E2A87922F7B}.Release|Any CPU.ActiveCfg = Release|Any CPU
		{C15D96EB-EE62-447E-BCFC-6E2A87922F7B}.Release|Any CPU.Build.0 = Release|Any CPU
		{3A1F7093-7218-402E-98D3-6A919FD1F9AA}.Debug|Any CPU.ActiveCfg = Debug|Any CPU
		{3A1F7093-7218-402E-98D3-6A919FD1F9AA}.Debug|Any CPU.Build.0 = Debug|Any CPU
		{3A1F7093-7218-402E-98D3-6A919FD1F9AA}.Release|Any CPU.ActiveCfg = Release|Any CPU
		{3A1F7093-7218-402E-98D3-6A919FD1F9AA}.Release|Any CPU.Build.0 = Release|Any CPU
	EndGlobalSection
	GlobalSection(SolutionProperties) = preSolution
		HideSolutionNode = FALSE
	EndGlobalSection
	GlobalSection(ExtensibilityGlobals) = postSolution
		SolutionGuid = {87C12611-8B81-4D9F-BCD9-70E39EE48272}
	EndGlobalSection
EndGlobal
